PODS:
  - AKPickerView-Swift (1.0.1)
  - AlertOnboarding (1.9)
  - Bars (1.0.1)
  - Charts (3.0.5):
    - Charts/Core (= 3.0.5)
  - Charts/Core (3.0.5)
  - Firebase (4.0.4):
    - Firebase/Core (= 4.0.4)
  - Firebase/Auth (4.0.4):
    - Firebase/Core
    - FirebaseAuth (= 4.0.0)
  - Firebase/Core (4.0.4):
    - FirebaseAnalytics (= 4.0.2)
    - FirebaseCore (= 4.0.4)
  - Firebase/Database (4.0.4):
    - Firebase/Core
    - FirebaseDatabase (= 4.0.0)
  - FirebaseAnalytics (4.0.2):
    - FirebaseCore (~> 4.0)
    - FirebaseInstanceID (~> 2.0)
    - GoogleToolboxForMac/NSData+zlib (~> 2.1)
  - FirebaseAuth (4.0.0):
    - FirebaseAnalytics (~> 4.0)
    - GoogleToolboxForMac/NSDictionary+URLArguments (~> 2.1)
    - GTMSessionFetcher/Core (~> 1.1)
  - FirebaseCore (4.0.4):
    - GoogleToolboxForMac/NSData+zlib (~> 2.1)
    - nanopb (~> 0.3)
  - FirebaseDatabase (4.0.0):
    - FirebaseAnalytics (~> 4.0)
  - FirebaseInstanceID (2.0.0):
    - FirebaseCore (~> 4.0)
  - Google-Mobile-Ads-SDK (7.22.0)
  - GoogleToolboxForMac/DebugUtils (2.1.1):
    - GoogleToolboxForMac/Defines (= 2.1.1)
  - GoogleToolboxForMac/Defines (2.1.1)
  - GoogleToolboxForMac/NSData+zlib (2.1.1):
    - GoogleToolboxForMac/Defines (= 2.1.1)
  - GoogleToolboxForMac/NSDictionary+URLArguments (2.1.1):
    - GoogleToolboxForMac/DebugUtils (= 2.1.1)
    - GoogleToolboxForMac/Defines (= 2.1.1)
    - GoogleToolboxForMac/NSString+URLArguments (= 2.1.1)
  - GoogleToolboxForMac/NSString+URLArguments (2.1.1)
  - GTMSessionFetcher/Core (1.1.11)
  - KeychainSwift (8.0.2)
  - nanopb (0.3.8):
    - nanopb/decode (= 0.3.8)
    - nanopb/encode (= 0.3.8)
  - nanopb/decode (0.3.8)
  - nanopb/encode (0.3.8)
  - RSPlayPauseButton (1.0.1)
  - SCLAlertView (0.7.0)
  - Willow (5.0.1)

DEPENDENCIES:
  - AKPickerView-Swift (~> 1.0)
  - AlertOnboarding (~> 1.9)
  - Bars (~> 1.0)
  - Charts
  - Firebase
  - Firebase/Auth
  - Firebase/Core
  - Firebase/Database
  - Google-Mobile-Ads-SDK
  - KeychainSwift (~> 8.0)
  - RSPlayPauseButton (~> 1.0)
  - SCLAlertView (~> 0.7)
  - Willow

SPEC CHECKSUMS:
  AKPickerView-Swift: 8509d472bb257649383c276506334a7373d3cb33
  AlertOnboarding: 0c97f5c4feac0a4e914bae5d530f66b4dbc6b771
  Bars: 2ba836194bf0678066a3ccd4cd2de77146902cd4
  Charts: 45cdc985b764c838b35ee47eb1365d15735f6d1a
  Firebase: 1492bf04e1b73a7353b4fb2cf5a20bac9692f341
  FirebaseAnalytics: ad41720e3e67fc63fbe3d2948d3e26932a8de311
  FirebaseAuth: ebb6abcbabae00fc47446d690c19ce68d8484fde
  FirebaseCore: cfc042628ef9f20debe09c0eb683135fcd404cb4
  FirebaseDatabase: d829b3a8c3e2ac7a16773c5df226966b0805dfc2
  FirebaseInstanceID: 9fbf536668f4d3f0880e7438456dabd1376e294b
  Google-Mobile-Ads-SDK: 1bdf1a4244d0553b1840239874c209c01aef055f
  GoogleToolboxForMac: 8e329f1b599f2512c6b10676d45736bcc2cbbeb0
  GTMSessionFetcher: 5ad62e8200fa00ed011fe5e08d27fef72c5b1429
  KeychainSwift: 213db04dfe7244988e61f77c72a2afb2f775954a
  nanopb: 5601e6bca2dbf1ed831b519092ec110f66982ca3
  RSPlayPauseButton: 9def027a1259ded3a6ecfeb0e57df1775ff22fb0
  SCLAlertView: 8a14ffc40590c619e183eed2298b854385f30be1
  Willow: 2973dd5558b2133d542746bc2ac2249ad54aa119

PODFILE CHECKSUM: 0cf6db45093fac1e040ec69783eab3b9ad310f8f

COCOAPODS: 1.4.0
