// !$*UTF8*$!
{
	archiveVersion = 1;
	classes = {
	};
	objectVersion = 46;
	objects = {

/* Begin PBXBuildFile section */
		1B2E2453D310E8ECA6BC87E6 /* Pods_TimerDemoTests.framework in Frameworks */ = {isa = PBXBuildFile; fileRef = D92A68B5B509EAAB3A3D2AD2 /* Pods_TimerDemoTests.framework */; };
		2F0118751EEE6B6E00D3FEE9 /* VizChartView.swift in Sources */ = {isa = PBXBuildFile; fileRef = 2F0118741EEE6B6E00D3FEE9 /* VizChartView.swift */; };
		2F0118771EEED39100D3FEE9 /* VizChartView.xib in Resources */ = {isa = PBXBuildFile; fileRef = 2F0118761EEED39100D3FEE9 /* VizChartView.xib */; };
		2F0FC9501EF009700053167F /* TimerView.swift in Sources */ = {isa = PBXBuildFile; fileRef = 2F0FC94F1EF009700053167F /* TimerView.swift */; };
		2F0FC9521EF0097F0053167F /* TimerView.xib in Resources */ = {isa = PBXBuildFile; fileRef = 2F0FC9511EF0097F0053167F /* TimerView.xib */; };
		2F136D1F1EE8741500E710FA /* SettingsTVC.swift in Sources */ = {isa = PBXBuildFile; fileRef = 2F136D1E1EE8741500E710FA /* SettingsTVC.swift */; };
		2F136D211EE875FF00E710FA /* Utilities.swift in Sources */ = {isa = PBXBuildFile; fileRef = 2F136D201EE875FF00E710FA /* Utilities.swift */; };
		2F18CB571EF021F4005C5902 /* TestViewVC.swift in Sources */ = {isa = PBXBuildFile; fileRef = 2F18CB561EF021F4005C5902 /* TestViewVC.swift */; };
		2F24C1AD1EF12FD200B2CE13 /* TaskManager.swift in Sources */ = {isa = PBXBuildFile; fileRef = 2F24C1AC1EF12FD200B2CE13 /* TaskManager.swift */; };
		2F26BF571F0943BF0067C9A5 /* TaskDetailsVC.swift in Sources */ = {isa = PBXBuildFile; fileRef = 2F26BF561F0943BF0067C9A5 /* TaskDetailsVC.swift */; };
		2F2C9B071EEAC310000C5279 /* Constants.swift in Sources */ = {isa = PBXBuildFile; fileRef = 2F2C9B061EEAC30F000C5279 /* Constants.swift */; };
		2F2C9B0A1EEAD8FA000C5279 /* Settting.swift in Sources */ = {isa = PBXBuildFile; fileRef = 2F2C9B091EEAD8FA000C5279 /* Settting.swift */; };
		2F2C9B0B1EEADD27000C5279 /* Settting.swift in Sources */ = {isa = PBXBuildFile; fileRef = 2F2C9B091EEAD8FA000C5279 /* Settting.swift */; };
		2F3C68411EF989750022BE57 /* CustomNavigationBar.swift in Sources */ = {isa = PBXBuildFile; fileRef = 2F3C68401EF989750022BE57 /* CustomNavigationBar.swift */; };
		2F43C69D200C94E000BBA350 /* Date_Extension.swift in Sources */ = {isa = PBXBuildFile; fileRef = 2F43C69C200C94E000BBA350 /* Date_Extension.swift */; };
		2F43C6A0200CBD9800BBA350 /* TaskDetailsFetchTests.swift in Sources */ = {isa = PBXBuildFile; fileRef = 2F43C69F200CBD9800BBA350 /* TaskDetailsFetchTests.swift */; };
		2F43C6A1200CBEC200BBA350 /* TaskCollection.swift in Sources */ = {isa = PBXBuildFile; fileRef = 2F446B6F1EE51FB0005BB176 /* TaskCollection.swift */; };
		2F43C6A2200CD80500BBA350 /* PersistenceHandler.swift in Sources */ = {isa = PBXBuildFile; fileRef = 2F8AF1E11EF7FF9500B8BB6B /* PersistenceHandler.swift */; };
		2F43C6A3200CD80C00BBA350 /* Task.swift in Sources */ = {isa = PBXBuildFile; fileRef = 2F446B6D1EE3324C005BB176 /* Task.swift */; };
		2F43C6A4200CD82E00BBA350 /* UserInfo.swift in Sources */ = {isa = PBXBuildFile; fileRef = 2FFB38631F0D428F006CDF27 /* UserInfo.swift */; };
		2F43C6A5200CD83A00BBA350 /* TimerBoy.swift in Sources */ = {isa = PBXBuildFile; fileRef = 2F446B6B1EE28C9E005BB176 /* TimerBoy.swift */; };
		2F43C6A6200CD83A00BBA350 /* TaskTimePeriod.swift in Sources */ = {isa = PBXBuildFile; fileRef = 2FA0675C1F18FDA0006C63DE /* TaskTimePeriod.swift */; };
		2F43C6A7200CD83A00BBA350 /* TaskStatus.swift in Sources */ = {isa = PBXBuildFile; fileRef = 2F446B751EE5AD32005BB176 /* TaskStatus.swift */; };
		2F43C6A8200CD83A00BBA350 /* Pause.swift in Sources */ = {isa = PBXBuildFile; fileRef = 2F4FB5491EF109E50066BEDA /* Pause.swift */; };
		2F43C6A9200CD83A00BBA350 /* TaskType.swift in Sources */ = {isa = PBXBuildFile; fileRef = 2F446B731EE5ACFE005BB176 /* TaskType.swift */; };
		2F43C6AA200CD83A00BBA350 /* TaskList.swift in Sources */ = {isa = PBXBuildFile; fileRef = 2F446B711EE5AC41005BB176 /* TaskList.swift */; };
		2F43C6AB200CD83A00BBA350 /* PauseCollection.swift in Sources */ = {isa = PBXBuildFile; fileRef = 2F9A728C1EF8F87100272CE7 /* PauseCollection.swift */; };
		2F43C6AC200CD83A00BBA350 /* Preferences.swift in Sources */ = {isa = PBXBuildFile; fileRef = 2F60AF8E1F0417BF007674C9 /* Preferences.swift */; };
		2F43C6AD200CD83A00BBA350 /* TypeOfViz.swift in Sources */ = {isa = PBXBuildFile; fileRef = 2FC023CC1F127C4D0024229C /* TypeOfViz.swift */; };
		2F43C6AE200CD85C00BBA350 /* Date_Extension.swift in Sources */ = {isa = PBXBuildFile; fileRef = 2F43C69C200C94E000BBA350 /* Date_Extension.swift */; };
		2F43C6AF200CD87300BBA350 /* AuthHandler.swift in Sources */ = {isa = PBXBuildFile; fileRef = 2F8AF1E51EF8394100B8BB6B /* AuthHandler.swift */; };
		2F43C6B0200E7AA700BBA350 /* TaskManager.swift in Sources */ = {isa = PBXBuildFile; fileRef = 2F24C1AC1EF12FD200B2CE13 /* TaskManager.swift */; };
		2F43C6B1200E7BBC00BBA350 /* TaskHandlerDelegate.swift in Sources */ = {isa = PBXBuildFile; fileRef = 2FF106021F4E940D005E7E81 /* TaskHandlerDelegate.swift */; };
		2F43C6B2200E7BC300BBA350 /* OnlineSettingsHandler.swift in Sources */ = {isa = PBXBuildFile; fileRef = 2F5DBB7A1F05473A009E54F7 /* OnlineSettingsHandler.swift */; };
		2F43C6B3200E7BCB00BBA350 /* UserInfoHandler.swift in Sources */ = {isa = PBXBuildFile; fileRef = 2FFB38611F0D426C006CDF27 /* UserInfoHandler.swift */; };
		2F446B5A1EE28BD7005BB176 /* AppDelegate.swift in Sources */ = {isa = PBXBuildFile; fileRef = 2F446B591EE28BD7005BB176 /* AppDelegate.swift */; };
		2F446B5F1EE28BD7005BB176 /* Main.storyboard in Resources */ = {isa = PBXBuildFile; fileRef = 2F446B5D1EE28BD7005BB176 /* Main.storyboard */; };
		2F446B611EE28BD7005BB176 /* Assets.xcassets in Resources */ = {isa = PBXBuildFile; fileRef = 2F446B601EE28BD7005BB176 /* Assets.xcassets */; };
		2F446B641EE28BD7005BB176 /* LaunchScreen.storyboard in Resources */ = {isa = PBXBuildFile; fileRef = 2F446B621EE28BD7005BB176 /* LaunchScreen.storyboard */; };
		2F446B6C1EE28C9E005BB176 /* TimerBoy.swift in Sources */ = {isa = PBXBuildFile; fileRef = 2F446B6B1EE28C9E005BB176 /* TimerBoy.swift */; };
		2F446B6E1EE3324C005BB176 /* Task.swift in Sources */ = {isa = PBXBuildFile; fileRef = 2F446B6D1EE3324C005BB176 /* Task.swift */; };
		2F446B701EE51FB0005BB176 /* TaskCollection.swift in Sources */ = {isa = PBXBuildFile; fileRef = 2F446B6F1EE51FB0005BB176 /* TaskCollection.swift */; };
		2F446B721EE5AC41005BB176 /* TaskList.swift in Sources */ = {isa = PBXBuildFile; fileRef = 2F446B711EE5AC41005BB176 /* TaskList.swift */; };
		2F446B741EE5ACFE005BB176 /* TaskType.swift in Sources */ = {isa = PBXBuildFile; fileRef = 2F446B731EE5ACFE005BB176 /* TaskType.swift */; };
		2F446B761EE5AD32005BB176 /* TaskStatus.swift in Sources */ = {isa = PBXBuildFile; fileRef = 2F446B751EE5AD32005BB176 /* TaskStatus.swift */; };
		2F446B781EE67723005BB176 /* Settings.plist in Resources */ = {isa = PBXBuildFile; fileRef = 2F446B771EE67723005BB176 /* Settings.plist */; };
		2F4FB54A1EF109E50066BEDA /* Pause.swift in Sources */ = {isa = PBXBuildFile; fileRef = 2F4FB5491EF109E50066BEDA /* Pause.swift */; };
		2F5DBB7B1F05473A009E54F7 /* OnlineSettingsHandler.swift in Sources */ = {isa = PBXBuildFile; fileRef = 2F5DBB7A1F05473A009E54F7 /* OnlineSettingsHandler.swift */; };
		2F5DBB7D1F06C27F009E54F7 /* LaunchScreenVC.swift in Sources */ = {isa = PBXBuildFile; fileRef = 2F5DBB7C1F06C27F009E54F7 /* LaunchScreenVC.swift */; };
		2F5DBB7F1F07A26A009E54F7 /* TaskPickerTVC.swift in Sources */ = {isa = PBXBuildFile; fileRef = 2F5DBB7E1F07A26A009E54F7 /* TaskPickerTVC.swift */; };
		2F60AF8F1F0417BF007674C9 /* Preferences.swift in Sources */ = {isa = PBXBuildFile; fileRef = 2F60AF8E1F0417BF007674C9 /* Preferences.swift */; };
		2F6E88691F422326008F9BB5 /* AboutPageVC.swift in Sources */ = {isa = PBXBuildFile; fileRef = 2F6E88681F422326008F9BB5 /* AboutPageVC.swift */; };
		2F77C18A1F437B38002E99BA /* GoogleService-Info_prod.plist in Resources */ = {isa = PBXBuildFile; fileRef = 2F77C1891F437B38002E99BA /* GoogleService-Info_prod.plist */; };
		2F7CB35E1EEED4FB004272A7 /* VizCanvasView.xib in Resources */ = {isa = PBXBuildFile; fileRef = 2F7CB35D1EEED4FB004272A7 /* VizCanvasView.xib */; };
		2F7CB3601EEED53A004272A7 /* VizCanvasView.swift in Sources */ = {isa = PBXBuildFile; fileRef = 2F7CB35F1EEED53A004272A7 /* VizCanvasView.swift */; };
		2F8AF1E21EF7FF9500B8BB6B /* PersistenceHandler.swift in Sources */ = {isa = PBXBuildFile; fileRef = 2F8AF1E11EF7FF9500B8BB6B /* PersistenceHandler.swift */; };
		2F8AF1E41EF8315900B8BB6B /* LoginVC.swift in Sources */ = {isa = PBXBuildFile; fileRef = 2F8AF1E31EF8315900B8BB6B /* LoginVC.swift */; };
		2F8AF1E61EF8394100B8BB6B /* AuthHandler.swift in Sources */ = {isa = PBXBuildFile; fileRef = 2F8AF1E51EF8394100B8BB6B /* AuthHandler.swift */; };
		2F8B3A781EE9B5EF0008F439 /* SettingsPickerView.xib in Resources */ = {isa = PBXBuildFile; fileRef = 2F8B3A771EE9B5EF0008F439 /* SettingsPickerView.xib */; };
		2F8B3A7A1EE9B8C30008F439 /* SettingsPickerView.swift in Sources */ = {isa = PBXBuildFile; fileRef = 2F8B3A791EE9B8C30008F439 /* SettingsPickerView.swift */; };
		2F8B3A7C1EE9C9D30008F439 /* SettingsPickerViewDataProvider.swift in Sources */ = {isa = PBXBuildFile; fileRef = 2F8B3A7B1EE9C9D30008F439 /* SettingsPickerViewDataProvider.swift */; };
		2F9207B21EE6AF0A00DB3C35 /* SettingsHandlerTests.swift in Sources */ = {isa = PBXBuildFile; fileRef = 2F9207B11EE6AF0A00DB3C35 /* SettingsHandlerTests.swift */; };
		2F9207B51EE7200900DB3C35 /* Project Info.rtf in Resources */ = {isa = PBXBuildFile; fileRef = 2F9207B41EE7200900DB3C35 /* Project Info.rtf */; };
		2F9415141F1F807200AE76D9 /* TaskGeneratoTest.swift in Sources */ = {isa = PBXBuildFile; fileRef = 2F9415131F1F807200AE76D9 /* TaskGeneratoTest.swift */; };
		2F9A728D1EF8F87100272CE7 /* PauseCollection.swift in Sources */ = {isa = PBXBuildFile; fileRef = 2F9A728C1EF8F87100272CE7 /* PauseCollection.swift */; };
		2FA0675D1F18FDA0006C63DE /* TaskTimePeriod.swift in Sources */ = {isa = PBXBuildFile; fileRef = 2FA0675C1F18FDA0006C63DE /* TaskTimePeriod.swift */; };
		2FB26E8A1F0ABB1E00C9C46D /* TaskPickerScrollView.xib in Resources */ = {isa = PBXBuildFile; fileRef = 2FB26E891F0ABB1E00C9C46D /* TaskPickerScrollView.xib */; };
		2FB39E901EF012FA005B3DF4 /* ArcProgressView.swift in Sources */ = {isa = PBXBuildFile; fileRef = 2FB39E8F1EF012FA005B3DF4 /* ArcProgressView.swift */; };
		2FB39E921EF01307005B3DF4 /* ArcProgressView.xib in Resources */ = {isa = PBXBuildFile; fileRef = 2FB39E911EF01307005B3DF4 /* ArcProgressView.xib */; };
		2FBDC4251EF05B9D0022C10D /* RoundedButton.swift in Sources */ = {isa = PBXBuildFile; fileRef = 2FBDC4241EF05B9D0022C10D /* RoundedButton.swift */; };
		2FBF1EB61F10CEF800F63EFF /* MainTimerScreenVC.swift in Sources */ = {isa = PBXBuildFile; fileRef = 2FBF1EB41F10BAA800F63EFF /* MainTimerScreenVC.swift */; };
		2FBF1EB71F10CEFC00F63EFF /* Ext_TaskPickerView_MainTimerScreenVC.swift in Sources */ = {isa = PBXBuildFile; fileRef = 2FBF1EB51F10BAA800F63EFF /* Ext_TaskPickerView_MainTimerScreenVC.swift */; };
		2FBF1EB91F10D38800F63EFF /* ChartHandler.swift in Sources */ = {isa = PBXBuildFile; fileRef = 2FBF1EB81F10D38800F63EFF /* ChartHandler.swift */; };
		2FBFCF5D1F3F570200046D8A /* OnboardingVC.swift in Sources */ = {isa = PBXBuildFile; fileRef = 2FBFCF5C1F3F570200046D8A /* OnboardingVC.swift */; };
		2FBFCF5F1F3F573600046D8A /* OnBoardingHandler.swift in Sources */ = {isa = PBXBuildFile; fileRef = 2FBFCF5E1F3F573600046D8A /* OnBoardingHandler.swift */; };
		2FC023CD1F127C4D0024229C /* TypeOfViz.swift in Sources */ = {isa = PBXBuildFile; fileRef = 2FC023CC1F127C4D0024229C /* TypeOfViz.swift */; };
		2FC023CF1F129D680024229C /* AudioHandler.swift in Sources */ = {isa = PBXBuildFile; fileRef = 2FC023CE1F129D680024229C /* AudioHandler.swift */; };
		2FCB9F1D1EEFE9B1000079F6 /* TimerContainerView.swift in Sources */ = {isa = PBXBuildFile; fileRef = 2FCB9F1C1EEFE9B1000079F6 /* TimerContainerView.swift */; };
		2FCB9F1F1EEFE9CB000079F6 /* TimerContainerView.xib in Resources */ = {isa = PBXBuildFile; fileRef = 2FCB9F1E1EEFE9CB000079F6 /* TimerContainerView.xib */; };
		2FD341061F0ABD4300A36B5B /* TaskPickerScrollView.swift in Sources */ = {isa = PBXBuildFile; fileRef = 2FD341051F0ABD4300A36B5B /* TaskPickerScrollView.swift */; };
		2FF106031F4E940D005E7E81 /* TaskHandlerDelegate.swift in Sources */ = {isa = PBXBuildFile; fileRef = 2FF106021F4E940D005E7E81 /* TaskHandlerDelegate.swift */; };
		2FF5611F1EEDBF5C00609F59 /* AddTaskVC.swift in Sources */ = {isa = PBXBuildFile; fileRef = 2FF5611E1EEDBF5C00609F59 /* AddTaskVC.swift */; };
		2FF8D9FF1EF44B600053A66B /* InfoAlertView.swift in Sources */ = {isa = PBXBuildFile; fileRef = 2FF8D9FE1EF44B600053A66B /* InfoAlertView.swift */; };
		2FFAFD471EEBF3E400631DA9 /* PickerVC.swift in Sources */ = {isa = PBXBuildFile; fileRef = 2FFAFD461EEBF3E400631DA9 /* PickerVC.swift */; };
		2FFB385B1F0CF392006CDF27 /* VizDetailsPageVC.swift in Sources */ = {isa = PBXBuildFile; fileRef = 2FFB385A1F0CF392006CDF27 /* VizDetailsPageVC.swift */; };
		2FFB385E1F0CF59A006CDF27 /* VizDisplayVC.swift in Sources */ = {isa = PBXBuildFile; fileRef = 2FFB385D1F0CF59A006CDF27 /* VizDisplayVC.swift */; };
		2FFB38601F0D0076006CDF27 /* MiniTaskListTVC.swift in Sources */ = {isa = PBXBuildFile; fileRef = 2FFB385F1F0D0076006CDF27 /* MiniTaskListTVC.swift */; };
		2FFB38621F0D426C006CDF27 /* UserInfoHandler.swift in Sources */ = {isa = PBXBuildFile; fileRef = 2FFB38611F0D426C006CDF27 /* UserInfoHandler.swift */; };
		2FFB38641F0D428F006CDF27 /* UserInfo.swift in Sources */ = {isa = PBXBuildFile; fileRef = 2FFB38631F0D428F006CDF27 /* UserInfo.swift */; };
		88880955200D048200825BE0 /* TimerDemoTestData_Tasks.csv in Resources */ = {isa = PBXBuildFile; fileRef = 88880952200D048100825BE0 /* TimerDemoTestData_Tasks.csv */; };
		88880956200D048200825BE0 /* TimerDemoTestData_Pause.csv in Resources */ = {isa = PBXBuildFile; fileRef = 88880953200D048100825BE0 /* TimerDemoTestData_Pause.csv */; };
		88880957200D048200825BE0 /* TimerDemoTestData_TaskColl.csv in Resources */ = {isa = PBXBuildFile; fileRef = 88880954200D048100825BE0 /* TimerDemoTestData_TaskColl.csv */; };
		88880959200F8A2900825BE0 /* GoogleService-Info.plist in Resources */ = {isa = PBXBuildFile; fileRef = 88880958200F8A2900825BE0 /* GoogleService-Info.plist */; };
		F88ADD8DA3BF239D57390A2C /* Pods_TimerDemo.framework in Frameworks */ = {isa = PBXBuildFile; fileRef = 9177F1DA1C72C69C110085EA /* Pods_TimerDemo.framework */; };
/* End PBXBuildFile section */

/* Begin PBXContainerItemProxy section */
		2F9207AC1EE6A96400DB3C35 /* PBXContainerItemProxy */ = {
			isa = PBXContainerItemProxy;
			containerPortal = 2F446B4E1EE28BD7005BB176 /* Project object */;
			proxyType = 1;
			remoteGlobalIDString = 2F446B551EE28BD7005BB176;
			remoteInfo = TimerDemo;
		};
/* End PBXContainerItemProxy section */

/* Begin PBXFileReference section */
		2F0118741EEE6B6E00D3FEE9 /* VizChartView.swift */ = {isa = PBXFileReference; lastKnownFileType = sourcecode.swift; path = VizChartView.swift; sourceTree = "<group>"; };
		2F0118761EEED39100D3FEE9 /* VizChartView.xib */ = {isa = PBXFileReference; lastKnownFileType = file.xib; path = VizChartView.xib; sourceTree = "<group>"; };
		2F0FC94F1EF009700053167F /* TimerView.swift */ = {isa = PBXFileReference; lastKnownFileType = sourcecode.swift; path = TimerView.swift; sourceTree = "<group>"; };
		2F0FC9511EF0097F0053167F /* TimerView.xib */ = {isa = PBXFileReference; lastKnownFileType = file.xib; path = TimerView.xib; sourceTree = "<group>"; };
		2F136D1E1EE8741500E710FA /* SettingsTVC.swift */ = {isa = PBXFileReference; lastKnownFileType = sourcecode.swift; path = SettingsTVC.swift; sourceTree = "<group>"; };
		2F136D201EE875FF00E710FA /* Utilities.swift */ = {isa = PBXFileReference; lastKnownFileType = sourcecode.swift; path = Utilities.swift; sourceTree = "<group>"; };
		2F18CB561EF021F4005C5902 /* TestViewVC.swift */ = {isa = PBXFileReference; lastKnownFileType = sourcecode.swift; path = TestViewVC.swift; sourceTree = "<group>"; };
		2F24C1AC1EF12FD200B2CE13 /* TaskManager.swift */ = {isa = PBXFileReference; lastKnownFileType = sourcecode.swift; path = TaskManager.swift; sourceTree = "<group>"; };
		2F26BF561F0943BF0067C9A5 /* TaskDetailsVC.swift */ = {isa = PBXFileReference; lastKnownFileType = sourcecode.swift; path = TaskDetailsVC.swift; sourceTree = "<group>"; };
		2F2C9B061EEAC30F000C5279 /* Constants.swift */ = {isa = PBXFileReference; lastKnownFileType = sourcecode.swift; path = Constants.swift; sourceTree = "<group>"; };
		2F2C9B091EEAD8FA000C5279 /* Settting.swift */ = {isa = PBXFileReference; lastKnownFileType = sourcecode.swift; path = Settting.swift; sourceTree = "<group>"; };
		2F3C68401EF989750022BE57 /* CustomNavigationBar.swift */ = {isa = PBXFileReference; lastKnownFileType = sourcecode.swift; path = CustomNavigationBar.swift; sourceTree = "<group>"; };
		2F43C69C200C94E000BBA350 /* Date_Extension.swift */ = {isa = PBXFileReference; lastKnownFileType = sourcecode.swift; path = Date_Extension.swift; sourceTree = "<group>"; };
		2F43C69F200CBD9800BBA350 /* TaskDetailsFetchTests.swift */ = {isa = PBXFileReference; lastKnownFileType = sourcecode.swift; path = TaskDetailsFetchTests.swift; sourceTree = "<group>"; };
		2F446B561EE28BD7005BB176 /* TimerDemo.app */ = {isa = PBXFileReference; explicitFileType = wrapper.application; includeInIndex = 0; path = TimerDemo.app; sourceTree = BUILT_PRODUCTS_DIR; };
		2F446B591EE28BD7005BB176 /* AppDelegate.swift */ = {isa = PBXFileReference; lastKnownFileType = sourcecode.swift; path = AppDelegate.swift; sourceTree = "<group>"; };
		2F446B5E1EE28BD7005BB176 /* Base */ = {isa = PBXFileReference; lastKnownFileType = file.storyboard; name = Base; path = Base.lproj/Main.storyboard; sourceTree = "<group>"; };
		2F446B601EE28BD7005BB176 /* Assets.xcassets */ = {isa = PBXFileReference; lastKnownFileType = folder.assetcatalog; path = Assets.xcassets; sourceTree = "<group>"; };
		2F446B631EE28BD7005BB176 /* Base */ = {isa = PBXFileReference; lastKnownFileType = file.storyboard; name = Base; path = Base.lproj/LaunchScreen.storyboard; sourceTree = "<group>"; };
		2F446B651EE28BD7005BB176 /* Info.plist */ = {isa = PBXFileReference; lastKnownFileType = text.plist.xml; path = Info.plist; sourceTree = "<group>"; };
		2F446B6B1EE28C9E005BB176 /* TimerBoy.swift */ = {isa = PBXFileReference; fileEncoding = 4; lastKnownFileType = sourcecode.swift; path = TimerBoy.swift; sourceTree = "<group>"; };
		2F446B6D1EE3324C005BB176 /* Task.swift */ = {isa = PBXFileReference; fileEncoding = 4; lastKnownFileType = sourcecode.swift; path = Task.swift; sourceTree = "<group>"; };
		2F446B6F1EE51FB0005BB176 /* TaskCollection.swift */ = {isa = PBXFileReference; fileEncoding = 4; lastKnownFileType = sourcecode.swift; path = TaskCollection.swift; sourceTree = "<group>"; };
		2F446B711EE5AC41005BB176 /* TaskList.swift */ = {isa = PBXFileReference; fileEncoding = 4; lastKnownFileType = sourcecode.swift; path = TaskList.swift; sourceTree = "<group>"; };
		2F446B731EE5ACFE005BB176 /* TaskType.swift */ = {isa = PBXFileReference; fileEncoding = 4; lastKnownFileType = sourcecode.swift; path = TaskType.swift; sourceTree = "<group>"; };
		2F446B751EE5AD32005BB176 /* TaskStatus.swift */ = {isa = PBXFileReference; fileEncoding = 4; lastKnownFileType = sourcecode.swift; path = TaskStatus.swift; sourceTree = "<group>"; };
		2F446B771EE67723005BB176 /* Settings.plist */ = {isa = PBXFileReference; fileEncoding = 4; lastKnownFileType = text.plist.xml; path = Settings.plist; sourceTree = "<group>"; };
		2F4FB5491EF109E50066BEDA /* Pause.swift */ = {isa = PBXFileReference; lastKnownFileType = sourcecode.swift; path = Pause.swift; sourceTree = "<group>"; };
		2F5DBB7A1F05473A009E54F7 /* OnlineSettingsHandler.swift */ = {isa = PBXFileReference; lastKnownFileType = sourcecode.swift; path = OnlineSettingsHandler.swift; sourceTree = "<group>"; };
		2F5DBB7C1F06C27F009E54F7 /* LaunchScreenVC.swift */ = {isa = PBXFileReference; lastKnownFileType = sourcecode.swift; path = LaunchScreenVC.swift; sourceTree = "<group>"; };
		2F5DBB7E1F07A26A009E54F7 /* TaskPickerTVC.swift */ = {isa = PBXFileReference; lastKnownFileType = sourcecode.swift; path = TaskPickerTVC.swift; sourceTree = "<group>"; };
		2F60AF8E1F0417BF007674C9 /* Preferences.swift */ = {isa = PBXFileReference; lastKnownFileType = sourcecode.swift; path = Preferences.swift; sourceTree = "<group>"; };
		2F6E88681F422326008F9BB5 /* AboutPageVC.swift */ = {isa = PBXFileReference; lastKnownFileType = sourcecode.swift; path = AboutPageVC.swift; sourceTree = "<group>"; };
		2F77C1891F437B38002E99BA /* GoogleService-Info_prod.plist */ = {isa = PBXFileReference; fileEncoding = 4; lastKnownFileType = text.plist.xml; path = "GoogleService-Info_prod.plist"; sourceTree = "<group>"; };
		2F7CB35D1EEED4FB004272A7 /* VizCanvasView.xib */ = {isa = PBXFileReference; lastKnownFileType = file.xib; path = VizCanvasView.xib; sourceTree = "<group>"; };
		2F7CB35F1EEED53A004272A7 /* VizCanvasView.swift */ = {isa = PBXFileReference; lastKnownFileType = sourcecode.swift; path = VizCanvasView.swift; sourceTree = "<group>"; };
		2F8AF1E11EF7FF9500B8BB6B /* PersistenceHandler.swift */ = {isa = PBXFileReference; lastKnownFileType = sourcecode.swift; path = PersistenceHandler.swift; sourceTree = "<group>"; };
		2F8AF1E31EF8315900B8BB6B /* LoginVC.swift */ = {isa = PBXFileReference; lastKnownFileType = sourcecode.swift; path = LoginVC.swift; sourceTree = "<group>"; };
		2F8AF1E51EF8394100B8BB6B /* AuthHandler.swift */ = {isa = PBXFileReference; lastKnownFileType = sourcecode.swift; path = AuthHandler.swift; sourceTree = "<group>"; };
		2F8B3A771EE9B5EF0008F439 /* SettingsPickerView.xib */ = {isa = PBXFileReference; lastKnownFileType = file.xib; path = SettingsPickerView.xib; sourceTree = "<group>"; };
		2F8B3A791EE9B8C30008F439 /* SettingsPickerView.swift */ = {isa = PBXFileReference; lastKnownFileType = sourcecode.swift; path = SettingsPickerView.swift; sourceTree = "<group>"; };
		2F8B3A7B1EE9C9D30008F439 /* SettingsPickerViewDataProvider.swift */ = {isa = PBXFileReference; lastKnownFileType = sourcecode.swift; path = SettingsPickerViewDataProvider.swift; sourceTree = "<group>"; };
		2F9207A71EE6A96400DB3C35 /* TimerDemoTests.xctest */ = {isa = PBXFileReference; explicitFileType = wrapper.cfbundle; includeInIndex = 0; path = TimerDemoTests.xctest; sourceTree = BUILT_PRODUCTS_DIR; };
		2F9207AB1EE6A96400DB3C35 /* Info.plist */ = {isa = PBXFileReference; lastKnownFileType = text.plist.xml; path = Info.plist; sourceTree = "<group>"; };
		2F9207B11EE6AF0A00DB3C35 /* SettingsHandlerTests.swift */ = {isa = PBXFileReference; fileEncoding = 4; lastKnownFileType = sourcecode.swift; path = SettingsHandlerTests.swift; sourceTree = "<group>"; };
		2F9207B41EE7200900DB3C35 /* Project Info.rtf */ = {isa = PBXFileReference; fileEncoding = 4; lastKnownFileType = text.rtf; path = "Project Info.rtf"; sourceTree = "<group>"; };
		2F9415131F1F807200AE76D9 /* TaskGeneratoTest.swift */ = {isa = PBXFileReference; lastKnownFileType = sourcecode.swift; path = TaskGeneratoTest.swift; sourceTree = "<group>"; };
		2F9A728C1EF8F87100272CE7 /* PauseCollection.swift */ = {isa = PBXFileReference; lastKnownFileType = sourcecode.swift; path = PauseCollection.swift; sourceTree = "<group>"; };
		2FA0675C1F18FDA0006C63DE /* TaskTimePeriod.swift */ = {isa = PBXFileReference; lastKnownFileType = sourcecode.swift; path = TaskTimePeriod.swift; sourceTree = "<group>"; };
		2FB26E891F0ABB1E00C9C46D /* TaskPickerScrollView.xib */ = {isa = PBXFileReference; lastKnownFileType = file.xib; path = TaskPickerScrollView.xib; sourceTree = "<group>"; };
		2FB39E8F1EF012FA005B3DF4 /* ArcProgressView.swift */ = {isa = PBXFileReference; lastKnownFileType = sourcecode.swift; path = ArcProgressView.swift; sourceTree = "<group>"; };
		2FB39E911EF01307005B3DF4 /* ArcProgressView.xib */ = {isa = PBXFileReference; lastKnownFileType = file.xib; path = ArcProgressView.xib; sourceTree = "<group>"; };
		2FBDC4241EF05B9D0022C10D /* RoundedButton.swift */ = {isa = PBXFileReference; lastKnownFileType = sourcecode.swift; path = RoundedButton.swift; sourceTree = "<group>"; };
		2FBF1EB41F10BAA800F63EFF /* MainTimerScreenVC.swift */ = {isa = PBXFileReference; lastKnownFileType = sourcecode.swift; path = MainTimerScreenVC.swift; sourceTree = "<group>"; };
		2FBF1EB51F10BAA800F63EFF /* Ext_TaskPickerView_MainTimerScreenVC.swift */ = {isa = PBXFileReference; lastKnownFileType = sourcecode.swift; path = Ext_TaskPickerView_MainTimerScreenVC.swift; sourceTree = "<group>"; };
		2FBF1EB81F10D38800F63EFF /* ChartHandler.swift */ = {isa = PBXFileReference; lastKnownFileType = sourcecode.swift; path = ChartHandler.swift; sourceTree = "<group>"; };
		2FBFCF5C1F3F570200046D8A /* OnboardingVC.swift */ = {isa = PBXFileReference; lastKnownFileType = sourcecode.swift; path = OnboardingVC.swift; sourceTree = "<group>"; };
		2FBFCF5E1F3F573600046D8A /* OnBoardingHandler.swift */ = {isa = PBXFileReference; lastKnownFileType = sourcecode.swift; path = OnBoardingHandler.swift; sourceTree = "<group>"; };
		2FC023CC1F127C4D0024229C /* TypeOfViz.swift */ = {isa = PBXFileReference; lastKnownFileType = sourcecode.swift; path = TypeOfViz.swift; sourceTree = "<group>"; };
		2FC023CE1F129D680024229C /* AudioHandler.swift */ = {isa = PBXFileReference; lastKnownFileType = sourcecode.swift; path = AudioHandler.swift; sourceTree = "<group>"; };
		2FCB9F1C1EEFE9B1000079F6 /* TimerContainerView.swift */ = {isa = PBXFileReference; lastKnownFileType = sourcecode.swift; path = TimerContainerView.swift; sourceTree = "<group>"; };
		2FCB9F1E1EEFE9CB000079F6 /* TimerContainerView.xib */ = {isa = PBXFileReference; lastKnownFileType = file.xib; path = TimerContainerView.xib; sourceTree = "<group>"; };
		2FD341051F0ABD4300A36B5B /* TaskPickerScrollView.swift */ = {isa = PBXFileReference; fileEncoding = 4; lastKnownFileType = sourcecode.swift; path = TaskPickerScrollView.swift; sourceTree = "<group>"; };
		2FF106021F4E940D005E7E81 /* TaskHandlerDelegate.swift */ = {isa = PBXFileReference; fileEncoding = 4; lastKnownFileType = sourcecode.swift; path = TaskHandlerDelegate.swift; sourceTree = "<group>"; };
		2FF5611E1EEDBF5C00609F59 /* AddTaskVC.swift */ = {isa = PBXFileReference; lastKnownFileType = sourcecode.swift; path = AddTaskVC.swift; sourceTree = "<group>"; };
		2FF8D9FE1EF44B600053A66B /* InfoAlertView.swift */ = {isa = PBXFileReference; lastKnownFileType = sourcecode.swift; path = InfoAlertView.swift; sourceTree = "<group>"; };
		2FFAFD461EEBF3E400631DA9 /* PickerVC.swift */ = {isa = PBXFileReference; lastKnownFileType = sourcecode.swift; path = PickerVC.swift; sourceTree = "<group>"; };
		2FFB385A1F0CF392006CDF27 /* VizDetailsPageVC.swift */ = {isa = PBXFileReference; fileEncoding = 4; lastKnownFileType = sourcecode.swift; path = VizDetailsPageVC.swift; sourceTree = "<group>"; };
		2FFB385D1F0CF59A006CDF27 /* VizDisplayVC.swift */ = {isa = PBXFileReference; lastKnownFileType = sourcecode.swift; path = VizDisplayVC.swift; sourceTree = "<group>"; };
		2FFB385F1F0D0076006CDF27 /* MiniTaskListTVC.swift */ = {isa = PBXFileReference; lastKnownFileType = sourcecode.swift; path = MiniTaskListTVC.swift; sourceTree = "<group>"; };
		2FFB38611F0D426C006CDF27 /* UserInfoHandler.swift */ = {isa = PBXFileReference; lastKnownFileType = sourcecode.swift; path = UserInfoHandler.swift; sourceTree = "<group>"; };
		2FFB38631F0D428F006CDF27 /* UserInfo.swift */ = {isa = PBXFileReference; lastKnownFileType = sourcecode.swift; path = UserInfo.swift; sourceTree = "<group>"; };
		2FFCDEAE1F43FBAB0021A61D /* TimerDemo.entitlements */ = {isa = PBXFileReference; lastKnownFileType = text.plist.entitlements; path = TimerDemo.entitlements; sourceTree = "<group>"; };
		88880952200D048100825BE0 /* TimerDemoTestData_Tasks.csv */ = {isa = PBXFileReference; fileEncoding = 4; lastKnownFileType = text; path = TimerDemoTestData_Tasks.csv; sourceTree = "<group>"; };
		88880953200D048100825BE0 /* TimerDemoTestData_Pause.csv */ = {isa = PBXFileReference; fileEncoding = 4; lastKnownFileType = text; path = TimerDemoTestData_Pause.csv; sourceTree = "<group>"; };
		88880954200D048100825BE0 /* TimerDemoTestData_TaskColl.csv */ = {isa = PBXFileReference; fileEncoding = 4; lastKnownFileType = text; path = TimerDemoTestData_TaskColl.csv; sourceTree = "<group>"; };
		88880958200F8A2900825BE0 /* GoogleService-Info.plist */ = {isa = PBXFileReference; fileEncoding = 4; lastKnownFileType = text.plist.xml; path = "GoogleService-Info.plist"; sourceTree = "<group>"; };
		8DB82127F70D5D2218E5D494 /* Pods-TimerDemoTests.release.xcconfig */ = {isa = PBXFileReference; includeInIndex = 1; lastKnownFileType = text.xcconfig; name = "Pods-TimerDemoTests.release.xcconfig"; path = "Pods/Target Support Files/Pods-TimerDemoTests/Pods-TimerDemoTests.release.xcconfig"; sourceTree = "<group>"; };
		9177F1DA1C72C69C110085EA /* Pods_TimerDemo.framework */ = {isa = PBXFileReference; explicitFileType = wrapper.framework; includeInIndex = 0; path = Pods_TimerDemo.framework; sourceTree = BUILT_PRODUCTS_DIR; };
		A151CA76999A37116B1C6AB5 /* Pods-TimerDemo.release.xcconfig */ = {isa = PBXFileReference; includeInIndex = 1; lastKnownFileType = text.xcconfig; name = "Pods-TimerDemo.release.xcconfig"; path = "Pods/Target Support Files/Pods-TimerDemo/Pods-TimerDemo.release.xcconfig"; sourceTree = "<group>"; };
		B0AABFFB55482E9715E6207D /* Pods-TimerDemo.debug.xcconfig */ = {isa = PBXFileReference; includeInIndex = 1; lastKnownFileType = text.xcconfig; name = "Pods-TimerDemo.debug.xcconfig"; path = "Pods/Target Support Files/Pods-TimerDemo/Pods-TimerDemo.debug.xcconfig"; sourceTree = "<group>"; };
		D92A68B5B509EAAB3A3D2AD2 /* Pods_TimerDemoTests.framework */ = {isa = PBXFileReference; explicitFileType = wrapper.framework; includeInIndex = 0; path = Pods_TimerDemoTests.framework; sourceTree = BUILT_PRODUCTS_DIR; };
		F5903EFB310ED357837B08E3 /* Pods-TimerDemoTests.debug.xcconfig */ = {isa = PBXFileReference; includeInIndex = 1; lastKnownFileType = text.xcconfig; name = "Pods-TimerDemoTests.debug.xcconfig"; path = "Pods/Target Support Files/Pods-TimerDemoTests/Pods-TimerDemoTests.debug.xcconfig"; sourceTree = "<group>"; };
/* End PBXFileReference section */

/* Begin PBXFrameworksBuildPhase section */
		2F446B531EE28BD7005BB176 /* Frameworks */ = {
			isa = PBXFrameworksBuildPhase;
			buildActionMask = 2147483647;
			files = (
				F88ADD8DA3BF239D57390A2C /* Pods_TimerDemo.framework in Frameworks */,
			);
			runOnlyForDeploymentPostprocessing = 0;
		};
		2F9207A41EE6A96400DB3C35 /* Frameworks */ = {
			isa = PBXFrameworksBuildPhase;
			buildActionMask = 2147483647;
			files = (
				1B2E2453D310E8ECA6BC87E6 /* Pods_TimerDemoTests.framework in Frameworks */,
			);
			runOnlyForDeploymentPostprocessing = 0;
		};
/* End PBXFrameworksBuildPhase section */

/* Begin PBXGroup section */
		2F0FC9531EF009860053167F /* TimerView */ = {
			isa = PBXGroup;
			children = (
				2F0FC94F1EF009700053167F /* TimerView.swift */,
				2F0FC9511EF0097F0053167F /* TimerView.xib */,
				2FB39E8F1EF012FA005B3DF4 /* ArcProgressView.swift */,
				2FB39E911EF01307005B3DF4 /* ArcProgressView.xib */,
				2FBDC4241EF05B9D0022C10D /* RoundedButton.swift */,
				2F18CB561EF021F4005C5902 /* TestViewVC.swift */,
			);
			path = TimerView;
			sourceTree = "<group>";
		};
		2F136D1D1EE85FC500E710FA /* Settings */ = {
			isa = PBXGroup;
			children = (
				2F2C9B091EEAD8FA000C5279 /* Settting.swift */,
				2F8B3A7B1EE9C9D30008F439 /* SettingsPickerViewDataProvider.swift */,
				2F8B3A771EE9B5EF0008F439 /* SettingsPickerView.xib */,
				2F8B3A791EE9B8C30008F439 /* SettingsPickerView.swift */,
			);
			path = Settings;
			sourceTree = "<group>";
		};
		2F43C69E200C94F000BBA350 /* Extensions */ = {
			isa = PBXGroup;
			children = (
				2F43C69C200C94E000BBA350 /* Date_Extension.swift */,
			);
			path = Extensions;
			sourceTree = "<group>";
		};
		2F446B4D1EE28BD7005BB176 = {
			isa = PBXGroup;
			children = (
				2F446B581EE28BD7005BB176 /* TimerDemo */,
				2F9207A81EE6A96400DB3C35 /* TimerDemoTests */,
				2F446B571EE28BD7005BB176 /* Products */,
				D0B26DDBE6C1DB50E0A5EFAF /* Pods */,
				C17CA6339253EE5E280AB3BA /* Frameworks */,
			);
			sourceTree = "<group>";
		};
		2F446B571EE28BD7005BB176 /* Products */ = {
			isa = PBXGroup;
			children = (
				2F446B561EE28BD7005BB176 /* TimerDemo.app */,
				2F9207A71EE6A96400DB3C35 /* TimerDemoTests.xctest */,
			);
			name = Products;
			sourceTree = "<group>";
		};
		2F446B581EE28BD7005BB176 /* TimerDemo */ = {
			isa = PBXGroup;
			children = (
				2FFCDEAE1F43FBAB0021A61D /* TimerDemo.entitlements */,
				2F446B591EE28BD7005BB176 /* AppDelegate.swift */,
				2F8AF1E71EF8407B00B8BB6B /* ViewControllers */,
				2F8AF1E91EF840CC00B8BB6B /* Handlers */,
				2F8AF1E81EF840A100B8BB6B /* Model */,
				2F8AF1EA1EF840ED00B8BB6B /* View */,
				2F8AF1EB1EF8412900B8BB6B /* Utilities & Constants */,
				2F446B601EE28BD7005BB176 /* Assets.xcassets */,
				2F8AF1EC1EF8415B00B8BB6B /* PList */,
				2F9207B41EE7200900DB3C35 /* Project Info.rtf */,
				2F446B651EE28BD7005BB176 /* Info.plist */,
				2F43C69E200C94F000BBA350 /* Extensions */,
			);
			path = TimerDemo;
			sourceTree = "<group>";
		};
		2F8AF1E71EF8407B00B8BB6B /* ViewControllers */ = {
			isa = PBXGroup;
			children = (
				2F8AF1E31EF8315900B8BB6B /* LoginVC.swift */,
				2F5DBB7C1F06C27F009E54F7 /* LaunchScreenVC.swift */,
				2FFB38571F0CB9CF006CDF27 /* Main TImer Screen */,
				2F3C68401EF989750022BE57 /* CustomNavigationBar.swift */,
				2FFB385A1F0CF392006CDF27 /* VizDetailsPageVC.swift */,
				2FFB385D1F0CF59A006CDF27 /* VizDisplayVC.swift */,
				2FF5611E1EEDBF5C00609F59 /* AddTaskVC.swift */,
				2F136D1E1EE8741500E710FA /* SettingsTVC.swift */,
				2F5DBB7E1F07A26A009E54F7 /* TaskPickerTVC.swift */,
				2F26BF561F0943BF0067C9A5 /* TaskDetailsVC.swift */,
				2FFB385F1F0D0076006CDF27 /* MiniTaskListTVC.swift */,
				2FFAFD461EEBF3E400631DA9 /* PickerVC.swift */,
				2FBFCF5C1F3F570200046D8A /* OnboardingVC.swift */,
				2F6E88681F422326008F9BB5 /* AboutPageVC.swift */,
			);
			path = ViewControllers;
			sourceTree = "<group>";
		};
		2F8AF1E81EF840A100B8BB6B /* Model */ = {
			isa = PBXGroup;
			children = (
				2F446B6B1EE28C9E005BB176 /* TimerBoy.swift */,
				2FA0675C1F18FDA0006C63DE /* TaskTimePeriod.swift */,
				2F446B751EE5AD32005BB176 /* TaskStatus.swift */,
				2F4FB5491EF109E50066BEDA /* Pause.swift */,
				2F446B6D1EE3324C005BB176 /* Task.swift */,
				2F446B731EE5ACFE005BB176 /* TaskType.swift */,
				2FFB38631F0D428F006CDF27 /* UserInfo.swift */,
				2F446B6F1EE51FB0005BB176 /* TaskCollection.swift */,
				2F446B711EE5AC41005BB176 /* TaskList.swift */,
				2F9A728C1EF8F87100272CE7 /* PauseCollection.swift */,
				2F60AF8E1F0417BF007674C9 /* Preferences.swift */,
				2FC023CC1F127C4D0024229C /* TypeOfViz.swift */,
			);
			path = Model;
			sourceTree = "<group>";
		};
		2F8AF1E91EF840CC00B8BB6B /* Handlers */ = {
			isa = PBXGroup;
			children = (
				2FFB38611F0D426C006CDF27 /* UserInfoHandler.swift */,
				2FBFCF5E1F3F573600046D8A /* OnBoardingHandler.swift */,
				2F8AF1E51EF8394100B8BB6B /* AuthHandler.swift */,
				2F24C1AC1EF12FD200B2CE13 /* TaskManager.swift */,
				2F8AF1E11EF7FF9500B8BB6B /* PersistenceHandler.swift */,
				2F5DBB7A1F05473A009E54F7 /* OnlineSettingsHandler.swift */,
				2FBF1EB81F10D38800F63EFF /* ChartHandler.swift */,
				2FC023CE1F129D680024229C /* AudioHandler.swift */,
				2F9415131F1F807200AE76D9 /* TaskGeneratoTest.swift */,
				2FF106041F4E942D005E7E81 /* Protocols */,
			);
			path = Handlers;
			sourceTree = "<group>";
		};
		2F8AF1EA1EF840ED00B8BB6B /* View */ = {
			isa = PBXGroup;
			children = (
				2F446B621EE28BD7005BB176 /* LaunchScreen.storyboard */,
				2F446B5D1EE28BD7005BB176 /* Main.storyboard */,
				2FF8D9FE1EF44B600053A66B /* InfoAlertView.swift */,
				2FB26E891F0ABB1E00C9C46D /* TaskPickerScrollView.xib */,
				2FD341051F0ABD4300A36B5B /* TaskPickerScrollView.swift */,
				2F0FC9531EF009860053167F /* TimerView */,
				2FC023CB1F10E4930024229C /* Viz Drawing */,
				2FCB9F201EEFE9D1000079F6 /* TimerContainer */,
				2F136D1D1EE85FC500E710FA /* Settings */,
			);
			path = View;
			sourceTree = "<group>";
		};
		2F8AF1EB1EF8412900B8BB6B /* Utilities & Constants */ = {
			isa = PBXGroup;
			children = (
				2F136D201EE875FF00E710FA /* Utilities.swift */,
				2F2C9B061EEAC30F000C5279 /* Constants.swift */,
			);
			path = "Utilities & Constants";
			sourceTree = "<group>";
		};
		2F8AF1EC1EF8415B00B8BB6B /* PList */ = {
			isa = PBXGroup;
			children = (
				2F446B771EE67723005BB176 /* Settings.plist */,
				2F77C1891F437B38002E99BA /* GoogleService-Info_prod.plist */,
				88880958200F8A2900825BE0 /* GoogleService-Info.plist */,
			);
			path = PList;
			sourceTree = "<group>";
		};
		2F9207A81EE6A96400DB3C35 /* TimerDemoTests */ = {
			isa = PBXGroup;
			children = (
				88880953200D048100825BE0 /* TimerDemoTestData_Pause.csv */,
				88880954200D048100825BE0 /* TimerDemoTestData_TaskColl.csv */,
				88880952200D048100825BE0 /* TimerDemoTestData_Tasks.csv */,
				2F9207B11EE6AF0A00DB3C35 /* SettingsHandlerTests.swift */,
				2F43C69F200CBD9800BBA350 /* TaskDetailsFetchTests.swift */,
				2F9207AB1EE6A96400DB3C35 /* Info.plist */,
			);
			path = TimerDemoTests;
			sourceTree = "<group>";
		};
		2FC023CB1F10E4930024229C /* Viz Drawing */ = {
			isa = PBXGroup;
			children = (
				2F0118741EEE6B6E00D3FEE9 /* VizChartView.swift */,
				2F0118761EEED39100D3FEE9 /* VizChartView.xib */,
				2F7CB35D1EEED4FB004272A7 /* VizCanvasView.xib */,
				2F7CB35F1EEED53A004272A7 /* VizCanvasView.swift */,
			);
			path = "Viz Drawing";
			sourceTree = "<group>";
		};
		2FCB9F201EEFE9D1000079F6 /* TimerContainer */ = {
			isa = PBXGroup;
			children = (
				2FCB9F1C1EEFE9B1000079F6 /* TimerContainerView.swift */,
				2FCB9F1E1EEFE9CB000079F6 /* TimerContainerView.xib */,
			);
			path = TimerContainer;
			sourceTree = "<group>";
		};
		2FF106041F4E942D005E7E81 /* Protocols */ = {
			isa = PBXGroup;
			children = (
				2FF106021F4E940D005E7E81 /* TaskHandlerDelegate.swift */,
			);
			name = Protocols;
			sourceTree = "<group>";
		};
		2FFB38571F0CB9CF006CDF27 /* Main TImer Screen */ = {
			isa = PBXGroup;
			children = (
				2FBF1EB41F10BAA800F63EFF /* MainTimerScreenVC.swift */,
				2FBF1EB51F10BAA800F63EFF /* Ext_TaskPickerView_MainTimerScreenVC.swift */,
			);
			path = "Main TImer Screen";
			sourceTree = "<group>";
		};
		C17CA6339253EE5E280AB3BA /* Frameworks */ = {
			isa = PBXGroup;
			children = (
				9177F1DA1C72C69C110085EA /* Pods_TimerDemo.framework */,
				D92A68B5B509EAAB3A3D2AD2 /* Pods_TimerDemoTests.framework */,
			);
			name = Frameworks;
			sourceTree = "<group>";
		};
		D0B26DDBE6C1DB50E0A5EFAF /* Pods */ = {
			isa = PBXGroup;
			children = (
				B0AABFFB55482E9715E6207D /* Pods-TimerDemo.debug.xcconfig */,
				A151CA76999A37116B1C6AB5 /* Pods-TimerDemo.release.xcconfig */,
				F5903EFB310ED357837B08E3 /* Pods-TimerDemoTests.debug.xcconfig */,
				8DB82127F70D5D2218E5D494 /* Pods-TimerDemoTests.release.xcconfig */,
			);
			name = Pods;
			sourceTree = "<group>";
		};
/* End PBXGroup section */

/* Begin PBXNativeTarget section */
		2F446B551EE28BD7005BB176 /* TimerDemo */ = {
			isa = PBXNativeTarget;
			buildConfigurationList = 2F446B681EE28BD7005BB176 /* Build configuration list for PBXNativeTarget "TimerDemo" */;
			buildPhases = (
				365BA243B0F1DC0C54D6BE17 /* [CP] Check Pods Manifest.lock */,
				2F446B521EE28BD7005BB176 /* Sources */,
				2F446B531EE28BD7005BB176 /* Frameworks */,
				2F446B541EE28BD7005BB176 /* Resources */,
				405F5C670E9851D11801E14C /* [CP] Embed Pods Frameworks */,
				3E43CC6987D33605BC0DFF60 /* [CP] Copy Pods Resources */,
			);
			buildRules = (
			);
			dependencies = (
			);
			name = TimerDemo;
			productName = TimerDemo;
			productReference = 2F446B561EE28BD7005BB176 /* TimerDemo.app */;
			productType = "com.apple.product-type.application";
		};
		2F9207A61EE6A96400DB3C35 /* TimerDemoTests */ = {
			isa = PBXNativeTarget;
			buildConfigurationList = 2F9207AE1EE6A96400DB3C35 /* Build configuration list for PBXNativeTarget "TimerDemoTests" */;
			buildPhases = (
				A6D29D64A61108DF32B2D5DB /* [CP] Check Pods Manifest.lock */,
				2F9207A31EE6A96400DB3C35 /* Sources */,
				2F9207A41EE6A96400DB3C35 /* Frameworks */,
				2F9207A51EE6A96400DB3C35 /* Resources */,
				339334C4FAB65B60F3F79800 /* [CP] Embed Pods Frameworks */,
				B12FBFDF8BBA3FC8B9EA33FC /* [CP] Copy Pods Resources */,
			);
			buildRules = (
			);
			dependencies = (
				2F9207AD1EE6A96400DB3C35 /* PBXTargetDependency */,
			);
			name = TimerDemoTests;
			productName = TimerDemoTests;
			productReference = 2F9207A71EE6A96400DB3C35 /* TimerDemoTests.xctest */;
			productType = "com.apple.product-type.bundle.unit-test";
		};
/* End PBXNativeTarget section */

/* Begin PBXProject section */
		2F446B4E1EE28BD7005BB176 /* Project object */ = {
			isa = PBXProject;
			attributes = {
				LastSwiftUpdateCheck = 0830;
				LastUpgradeCheck = 0900;
				ORGANIZATIONNAME = "Moorthy, Prashanth";
				TargetAttributes = {
					2F446B551EE28BD7005BB176 = {
						CreatedOnToolsVersion = 8.3.2;
						DevelopmentTeam = TLV25NDMDF;
						LastSwiftMigration = 0900;
						ProvisioningStyle = Automatic;
						SystemCapabilities = {
							com.apple.Push = {
								enabled = 1;
							};
						};
					};
					2F9207A61EE6A96400DB3C35 = {
						CreatedOnToolsVersion = 8.3.2;
						DevelopmentTeam = TLV25NDMDF;
						LastSwiftMigration = 0900;
						ProvisioningStyle = Automatic;
						TestTargetID = 2F446B551EE28BD7005BB176;
					};
				};
			};
			buildConfigurationList = 2F446B511EE28BD7005BB176 /* Build configuration list for PBXProject "TimerDemo" */;
			compatibilityVersion = "Xcode 3.2";
			developmentRegion = English;
			hasScannedForEncodings = 0;
			knownRegions = (
				en,
				Base,
			);
			mainGroup = 2F446B4D1EE28BD7005BB176;
			productRefGroup = 2F446B571EE28BD7005BB176 /* Products */;
			projectDirPath = "";
			projectRoot = "";
			targets = (
				2F446B551EE28BD7005BB176 /* TimerDemo */,
				2F9207A61EE6A96400DB3C35 /* TimerDemoTests */,
			);
		};
/* End PBXProject section */

/* Begin PBXResourcesBuildPhase section */
		2F446B541EE28BD7005BB176 /* Resources */ = {
			isa = PBXResourcesBuildPhase;
			buildActionMask = 2147483647;
			files = (
				2F77C18A1F437B38002E99BA /* GoogleService-Info_prod.plist in Resources */,
				2F0FC9521EF0097F0053167F /* TimerView.xib in Resources */,
				88880959200F8A2900825BE0 /* GoogleService-Info.plist in Resources */,
				2FCB9F1F1EEFE9CB000079F6 /* TimerContainerView.xib in Resources */,
				2F446B641EE28BD7005BB176 /* LaunchScreen.storyboard in Resources */,
				2F9207B51EE7200900DB3C35 /* Project Info.rtf in Resources */,
				2FB26E8A1F0ABB1E00C9C46D /* TaskPickerScrollView.xib in Resources */,
				2F7CB35E1EEED4FB004272A7 /* VizCanvasView.xib in Resources */,
				2F446B781EE67723005BB176 /* Settings.plist in Resources */,
				2F446B611EE28BD7005BB176 /* Assets.xcassets in Resources */,
				2F446B5F1EE28BD7005BB176 /* Main.storyboard in Resources */,
				2F8B3A781EE9B5EF0008F439 /* SettingsPickerView.xib in Resources */,
				2F0118771EEED39100D3FEE9 /* VizChartView.xib in Resources */,
				2FB39E921EF01307005B3DF4 /* ArcProgressView.xib in Resources */,
			);
			runOnlyForDeploymentPostprocessing = 0;
		};
		2F9207A51EE6A96400DB3C35 /* Resources */ = {
			isa = PBXResourcesBuildPhase;
			buildActionMask = 2147483647;
			files = (
				88880957200D048200825BE0 /* TimerDemoTestData_TaskColl.csv in Resources */,
				88880956200D048200825BE0 /* TimerDemoTestData_Pause.csv in Resources */,
				88880955200D048200825BE0 /* TimerDemoTestData_Tasks.csv in Resources */,
			);
			runOnlyForDeploymentPostprocessing = 0;
		};
/* End PBXResourcesBuildPhase section */

/* Begin PBXShellScriptBuildPhase section */
		339334C4FAB65B60F3F79800 /* [CP] Embed Pods Frameworks */ = {
			isa = PBXShellScriptBuildPhase;
			buildActionMask = 2147483647;
			files = (
			);
			inputPaths = (
			);
			name = "[CP] Embed Pods Frameworks";
			outputPaths = (
			);
			runOnlyForDeploymentPostprocessing = 0;
			shellPath = /bin/sh;
			shellScript = "\"${SRCROOT}/Pods/Target Support Files/Pods-TimerDemoTests/Pods-TimerDemoTests-frameworks.sh\"\n";
			showEnvVarsInLog = 0;
		};
		365BA243B0F1DC0C54D6BE17 /* [CP] Check Pods Manifest.lock */ = {
			isa = PBXShellScriptBuildPhase;
			buildActionMask = 2147483647;
			files = (
			);
			inputPaths = (
			);
			name = "[CP] Check Pods Manifest.lock";
			outputPaths = (
			);
			runOnlyForDeploymentPostprocessing = 0;
			shellPath = /bin/sh;
			shellScript = "diff \"${PODS_PODFILE_DIR_PATH}/Podfile.lock\" \"${PODS_ROOT}/Manifest.lock\" > /dev/null\nif [ $? != 0 ] ; then\n    # print error to STDERR\n    echo \"error: The sandbox is not in sync with the Podfile.lock. Run 'pod install' or update your CocoaPods installation.\" >&2\n    exit 1\nfi\n";
			showEnvVarsInLog = 0;
		};
		3E43CC6987D33605BC0DFF60 /* [CP] Copy Pods Resources */ = {
			isa = PBXShellScriptBuildPhase;
			buildActionMask = 2147483647;
			files = (
			);
			inputPaths = (
			);
			name = "[CP] Copy Pods Resources";
			outputPaths = (
			);
			runOnlyForDeploymentPostprocessing = 0;
			shellPath = /bin/sh;
			shellScript = "\"${SRCROOT}/Pods/Target Support Files/Pods-TimerDemo/Pods-TimerDemo-resources.sh\"\n";
			showEnvVarsInLog = 0;
		};
		405F5C670E9851D11801E14C /* [CP] Embed Pods Frameworks */ = {
			isa = PBXShellScriptBuildPhase;
			buildActionMask = 2147483647;
			files = (
			);
			inputPaths = (
			);
			name = "[CP] Embed Pods Frameworks";
			outputPaths = (
			);
			runOnlyForDeploymentPostprocessing = 0;
			shellPath = /bin/sh;
			shellScript = "\"${SRCROOT}/Pods/Target Support Files/Pods-TimerDemo/Pods-TimerDemo-frameworks.sh\"\n";
			showEnvVarsInLog = 0;
		};
		A6D29D64A61108DF32B2D5DB /* [CP] Check Pods Manifest.lock */ = {
			isa = PBXShellScriptBuildPhase;
			buildActionMask = 2147483647;
			files = (
			);
			inputPaths = (
			);
			name = "[CP] Check Pods Manifest.lock";
			outputPaths = (
			);
			runOnlyForDeploymentPostprocessing = 0;
			shellPath = /bin/sh;
			shellScript = "diff \"${PODS_PODFILE_DIR_PATH}/Podfile.lock\" \"${PODS_ROOT}/Manifest.lock\" > /dev/null\nif [ $? != 0 ] ; then\n    # print error to STDERR\n    echo \"error: The sandbox is not in sync with the Podfile.lock. Run 'pod install' or update your CocoaPods installation.\" >&2\n    exit 1\nfi\n";
			showEnvVarsInLog = 0;
		};
		B12FBFDF8BBA3FC8B9EA33FC /* [CP] Copy Pods Resources */ = {
			isa = PBXShellScriptBuildPhase;
			buildActionMask = 2147483647;
			files = (
			);
			inputPaths = (
			);
			name = "[CP] Copy Pods Resources";
			outputPaths = (
			);
			runOnlyForDeploymentPostprocessing = 0;
			shellPath = /bin/sh;
			shellScript = "\"${SRCROOT}/Pods/Target Support Files/Pods-TimerDemoTests/Pods-TimerDemoTests-resources.sh\"\n";
			showEnvVarsInLog = 0;
		};
/* End PBXShellScriptBuildPhase section */

/* Begin PBXSourcesBuildPhase section */
		2F446B521EE28BD7005BB176 /* Sources */ = {
			isa = PBXSourcesBuildPhase;
			buildActionMask = 2147483647;
			files = (
				2F3C68411EF989750022BE57 /* CustomNavigationBar.swift in Sources */,
				2F0FC9501EF009700053167F /* TimerView.swift in Sources */,
				2F8B3A7A1EE9B8C30008F439 /* SettingsPickerView.swift in Sources */,
				2F446B721EE5AC41005BB176 /* TaskList.swift in Sources */,
				2F6E88691F422326008F9BB5 /* AboutPageVC.swift in Sources */,
				2F18CB571EF021F4005C5902 /* TestViewVC.swift in Sources */,
				2F7CB3601EEED53A004272A7 /* VizCanvasView.swift in Sources */,
				2F43C69D200C94E000BBA350 /* Date_Extension.swift in Sources */,
				2FFB385B1F0CF392006CDF27 /* VizDetailsPageVC.swift in Sources */,
				2F446B6E1EE3324C005BB176 /* Task.swift in Sources */,
				2F26BF571F0943BF0067C9A5 /* TaskDetailsVC.swift in Sources */,
				2F8AF1E21EF7FF9500B8BB6B /* PersistenceHandler.swift in Sources */,
				2F5DBB7F1F07A26A009E54F7 /* TaskPickerTVC.swift in Sources */,
				2F5DBB7B1F05473A009E54F7 /* OnlineSettingsHandler.swift in Sources */,
				2FF8D9FF1EF44B600053A66B /* InfoAlertView.swift in Sources */,
				2F8AF1E61EF8394100B8BB6B /* AuthHandler.swift in Sources */,
				2FF5611F1EEDBF5C00609F59 /* AddTaskVC.swift in Sources */,
				2F136D211EE875FF00E710FA /* Utilities.swift in Sources */,
				2FCB9F1D1EEFE9B1000079F6 /* TimerContainerView.swift in Sources */,
				2FBF1EB91F10D38800F63EFF /* ChartHandler.swift in Sources */,
				2F446B761EE5AD32005BB176 /* TaskStatus.swift in Sources */,
				2FBF1EB61F10CEF800F63EFF /* MainTimerScreenVC.swift in Sources */,
				2FC023CD1F127C4D0024229C /* TypeOfViz.swift in Sources */,
				2FFB38621F0D426C006CDF27 /* UserInfoHandler.swift in Sources */,
				2FFB38641F0D428F006CDF27 /* UserInfo.swift in Sources */,
				2FF106031F4E940D005E7E81 /* TaskHandlerDelegate.swift in Sources */,
				2F2C9B071EEAC310000C5279 /* Constants.swift in Sources */,
				2FB39E901EF012FA005B3DF4 /* ArcProgressView.swift in Sources */,
				2FBFCF5F1F3F573600046D8A /* OnBoardingHandler.swift in Sources */,
				2F4FB54A1EF109E50066BEDA /* Pause.swift in Sources */,
				2F8AF1E41EF8315900B8BB6B /* LoginVC.swift in Sources */,
				2FFB385E1F0CF59A006CDF27 /* VizDisplayVC.swift in Sources */,
				2FA0675D1F18FDA0006C63DE /* TaskTimePeriod.swift in Sources */,
				2FFB38601F0D0076006CDF27 /* MiniTaskListTVC.swift in Sources */,
				2FD341061F0ABD4300A36B5B /* TaskPickerScrollView.swift in Sources */,
				2F446B6C1EE28C9E005BB176 /* TimerBoy.swift in Sources */,
				2F446B741EE5ACFE005BB176 /* TaskType.swift in Sources */,
				2FFAFD471EEBF3E400631DA9 /* PickerVC.swift in Sources */,
				2F8B3A7C1EE9C9D30008F439 /* SettingsPickerViewDataProvider.swift in Sources */,
				2F24C1AD1EF12FD200B2CE13 /* TaskManager.swift in Sources */,
				2F0118751EEE6B6E00D3FEE9 /* VizChartView.swift in Sources */,
				2FBDC4251EF05B9D0022C10D /* RoundedButton.swift in Sources */,
				2F2C9B0A1EEAD8FA000C5279 /* Settting.swift in Sources */,
				2F446B701EE51FB0005BB176 /* TaskCollection.swift in Sources */,
				2FC023CF1F129D680024229C /* AudioHandler.swift in Sources */,
				2FBFCF5D1F3F570200046D8A /* OnboardingVC.swift in Sources */,
				2F60AF8F1F0417BF007674C9 /* Preferences.swift in Sources */,
				2F9415141F1F807200AE76D9 /* TaskGeneratoTest.swift in Sources */,
				2F9A728D1EF8F87100272CE7 /* PauseCollection.swift in Sources */,
				2F5DBB7D1F06C27F009E54F7 /* LaunchScreenVC.swift in Sources */,
				2F136D1F1EE8741500E710FA /* SettingsTVC.swift in Sources */,
				2F446B5A1EE28BD7005BB176 /* AppDelegate.swift in Sources */,
				2FBF1EB71F10CEFC00F63EFF /* Ext_TaskPickerView_MainTimerScreenVC.swift in Sources */,
			);
			runOnlyForDeploymentPostprocessing = 0;
		};
		2F9207A31EE6A96400DB3C35 /* Sources */ = {
			isa = PBXSourcesBuildPhase;
			buildActionMask = 2147483647;
			files = (
				2F43C6A0200CBD9800BBA350 /* TaskDetailsFetchTests.swift in Sources */,
				2F9207B21EE6AF0A00DB3C35 /* SettingsHandlerTests.swift in Sources */,
				2F43C6AC200CD83A00BBA350 /* Preferences.swift in Sources */,
				2F43C6B3200E7BCB00BBA350 /* UserInfoHandler.swift in Sources */,
				2F43C6AB200CD83A00BBA350 /* PauseCollection.swift in Sources */,
				2F43C6A2200CD80500BBA350 /* PersistenceHandler.swift in Sources */,
				2F43C6B2200E7BC300BBA350 /* OnlineSettingsHandler.swift in Sources */,
				2F43C6A1200CBEC200BBA350 /* TaskCollection.swift in Sources */,
				2F43C6A5200CD83A00BBA350 /* TimerBoy.swift in Sources */,
				2F43C6A3200CD80C00BBA350 /* Task.swift in Sources */,
				2F43C6A6200CD83A00BBA350 /* TaskTimePeriod.swift in Sources */,
				2F43C6AA200CD83A00BBA350 /* TaskList.swift in Sources */,
				2F43C6AE200CD85C00BBA350 /* Date_Extension.swift in Sources */,
				2F43C6B0200E7AA700BBA350 /* TaskManager.swift in Sources */,
				2F43C6B1200E7BBC00BBA350 /* TaskHandlerDelegate.swift in Sources */,
				2F43C6AD200CD83A00BBA350 /* TypeOfViz.swift in Sources */,
				2F43C6A4200CD82E00BBA350 /* UserInfo.swift in Sources */,
				2F43C6A7200CD83A00BBA350 /* TaskStatus.swift in Sources */,
				2F43C6AF200CD87300BBA350 /* AuthHandler.swift in Sources */,
				2F43C6A8200CD83A00BBA350 /* Pause.swift in Sources */,
				2F43C6A9200CD83A00BBA350 /* TaskType.swift in Sources */,
				2F2C9B0B1EEADD27000C5279 /* Settting.swift in Sources */,
			);
			runOnlyForDeploymentPostprocessing = 0;
		};
/* End PBXSourcesBuildPhase section */

/* Begin PBXTargetDependency section */
		2F9207AD1EE6A96400DB3C35 /* PBXTargetDependency */ = {
			isa = PBXTargetDependency;
			target = 2F446B551EE28BD7005BB176 /* TimerDemo */;
			targetProxy = 2F9207AC1EE6A96400DB3C35 /* PBXContainerItemProxy */;
		};
/* End PBXTargetDependency section */

/* Begin PBXVariantGroup section */
		2F446B5D1EE28BD7005BB176 /* Main.storyboard */ = {
			isa = PBXVariantGroup;
			children = (
				2F446B5E1EE28BD7005BB176 /* Base */,
			);
			name = Main.storyboard;
			path = ..;
			sourceTree = "<group>";
		};
		2F446B621EE28BD7005BB176 /* LaunchScreen.storyboard */ = {
			isa = PBXVariantGroup;
			children = (
				2F446B631EE28BD7005BB176 /* Base */,
			);
			name = LaunchScreen.storyboard;
			sourceTree = "<group>";
		};
/* End PBXVariantGroup section */

/* Begin XCBuildConfiguration section */
		2F446B661EE28BD7005BB176 /* Debug */ = {
			isa = XCBuildConfiguration;
			buildSettings = {
				ALWAYS_SEARCH_USER_PATHS = NO;
				CLANG_ANALYZER_NONNULL = YES;
				CLANG_ANALYZER_NUMBER_OBJECT_CONVERSION = YES_AGGRESSIVE;
				CLANG_CXX_LANGUAGE_STANDARD = "gnu++0x";
				CLANG_CXX_LIBRARY = "libc++";
				CLANG_ENABLE_MODULES = YES;
				CLANG_ENABLE_OBJC_ARC = YES;
				CLANG_WARN_BLOCK_CAPTURE_AUTORELEASING = YES;
				CLANG_WARN_BOOL_CONVERSION = YES;
				CLANG_WARN_COMMA = YES;
				CLANG_WARN_CONSTANT_CONVERSION = YES;
				CLANG_WARN_DIRECT_OBJC_ISA_USAGE = YES_ERROR;
				CLANG_WARN_DOCUMENTATION_COMMENTS = YES;
				CLANG_WARN_EMPTY_BODY = YES;
				CLANG_WARN_ENUM_CONVERSION = YES;
				CLANG_WARN_INFINITE_RECURSION = YES;
				CLANG_WARN_INT_CONVERSION = YES;
				CLANG_WARN_NON_LITERAL_NULL_CONVERSION = YES;
				CLANG_WARN_OBJC_LITERAL_CONVERSION = YES;
				CLANG_WARN_OBJC_ROOT_CLASS = YES_ERROR;
				CLANG_WARN_RANGE_LOOP_ANALYSIS = YES;
				CLANG_WARN_STRICT_PROTOTYPES = YES;
				CLANG_WARN_SUSPICIOUS_MOVE = YES;
				CLANG_WARN_UNREACHABLE_CODE = YES;
				CLANG_WARN__DUPLICATE_METHOD_MATCH = YES;
				"CODE_SIGN_IDENTITY[sdk=iphoneos*]" = "iPhone Developer";
				COPY_PHASE_STRIP = NO;
				DEBUG_INFORMATION_FORMAT = dwarf;
				ENABLE_STRICT_OBJC_MSGSEND = YES;
				ENABLE_TESTABILITY = YES;
				GCC_C_LANGUAGE_STANDARD = gnu99;
				GCC_DYNAMIC_NO_PIC = NO;
				GCC_NO_COMMON_BLOCKS = YES;
				GCC_OPTIMIZATION_LEVEL = 0;
				GCC_PREPROCESSOR_DEFINITIONS = (
					"DEBUG=1",
					"$(inherited)",
				);
				GCC_WARN_64_TO_32_BIT_CONVERSION = YES;
				GCC_WARN_ABOUT_RETURN_TYPE = YES_ERROR;
				GCC_WARN_UNDECLARED_SELECTOR = YES;
				GCC_WARN_UNINITIALIZED_AUTOS = YES_AGGRESSIVE;
				GCC_WARN_UNUSED_FUNCTION = YES;
				GCC_WARN_UNUSED_VARIABLE = YES;
				IPHONEOS_DEPLOYMENT_TARGET = 10.3;
				MTL_ENABLE_DEBUG_INFO = YES;
				ONLY_ACTIVE_ARCH = YES;
				SDKROOT = iphoneos;
				SWIFT_ACTIVE_COMPILATION_CONDITIONS = DEBUG;
				SWIFT_OPTIMIZATION_LEVEL = "-Onone";
			};
			name = Debug;
		};
		2F446B671EE28BD7005BB176 /* Release */ = {
			isa = XCBuildConfiguration;
			buildSettings = {
				ALWAYS_SEARCH_USER_PATHS = NO;
				CLANG_ANALYZER_NONNULL = YES;
				CLANG_ANALYZER_NUMBER_OBJECT_CONVERSION = YES_AGGRESSIVE;
				CLANG_CXX_LANGUAGE_STANDARD = "gnu++0x";
				CLANG_CXX_LIBRARY = "libc++";
				CLANG_ENABLE_MODULES = YES;
				CLANG_ENABLE_OBJC_ARC = YES;
				CLANG_WARN_BLOCK_CAPTURE_AUTORELEASING = YES;
				CLANG_WARN_BOOL_CONVERSION = YES;
				CLANG_WARN_COMMA = YES;
				CLANG_WARN_CONSTANT_CONVERSION = YES;
				CLANG_WARN_DIRECT_OBJC_ISA_USAGE = YES_ERROR;
				CLANG_WARN_DOCUMENTATION_COMMENTS = YES;
				CLANG_WARN_EMPTY_BODY = YES;
				CLANG_WARN_ENUM_CONVERSION = YES;
				CLANG_WARN_INFINITE_RECURSION = YES;
				CLANG_WARN_INT_CONVERSION = YES;
				CLANG_WARN_NON_LITERAL_NULL_CONVERSION = YES;
				CLANG_WARN_OBJC_LITERAL_CONVERSION = YES;
				CLANG_WARN_OBJC_ROOT_CLASS = YES_ERROR;
				CLANG_WARN_RANGE_LOOP_ANALYSIS = YES;
				CLANG_WARN_STRICT_PROTOTYPES = YES;
				CLANG_WARN_SUSPICIOUS_MOVE = YES;
				CLANG_WARN_UNREACHABLE_CODE = YES;
				CLANG_WARN__DUPLICATE_METHOD_MATCH = YES;
				"CODE_SIGN_IDENTITY[sdk=iphoneos*]" = "iPhone Developer";
				COPY_PHASE_STRIP = NO;
				DEBUG_INFORMATION_FORMAT = "dwarf-with-dsym";
				ENABLE_NS_ASSERTIONS = NO;
				ENABLE_STRICT_OBJC_MSGSEND = YES;
				GCC_C_LANGUAGE_STANDARD = gnu99;
				GCC_NO_COMMON_BLOCKS = YES;
				GCC_WARN_64_TO_32_BIT_CONVERSION = YES;
				GCC_WARN_ABOUT_RETURN_TYPE = YES_ERROR;
				GCC_WARN_UNDECLARED_SELECTOR = YES;
				GCC_WARN_UNINITIALIZED_AUTOS = YES_AGGRESSIVE;
				GCC_WARN_UNUSED_FUNCTION = YES;
				GCC_WARN_UNUSED_VARIABLE = YES;
				IPHONEOS_DEPLOYMENT_TARGET = 10.3;
				MTL_ENABLE_DEBUG_INFO = NO;
				SDKROOT = iphoneos;
				SWIFT_OPTIMIZATION_LEVEL = "-Owholemodule";
				VALIDATE_PRODUCT = YES;
			};
			name = Release;
		};
		2F446B691EE28BD7005BB176 /* Debug */ = {
			isa = XCBuildConfiguration;
			baseConfigurationReference = B0AABFFB55482E9715E6207D /* Pods-TimerDemo.debug.xcconfig */;
			buildSettings = {
				ASSETCATALOG_COMPILER_APPICON_NAME = AppIcon;
				CODE_SIGN_ENTITLEMENTS = TimerDemo/TimerDemo.entitlements;
				"CODE_SIGN_IDENTITY[sdk=iphoneos*]" = "iPhone Developer";
				CODE_SIGN_STYLE = Automatic;
				DEVELOPMENT_TEAM = TLV25NDMDF;
				INFOPLIST_FILE = TimerDemo/Info.plist;
				IPHONEOS_DEPLOYMENT_TARGET = 10.0;
				LD_RUNPATH_SEARCH_PATHS = "$(inherited) @executable_path/Frameworks";
				PRODUCT_BUNDLE_IDENTIFIER = com.prash.FocusMonk1;
				PRODUCT_NAME = "$(TARGET_NAME)";
				PROVISIONING_PROFILE_SPECIFIER = "";
				SWIFT_SWIFT3_OBJC_INFERENCE = Off;
				SWIFT_VERSION = 3.0;
			};
			name = Debug;
		};
		2F446B6A1EE28BD7005BB176 /* Release */ = {
			isa = XCBuildConfiguration;
			baseConfigurationReference = A151CA76999A37116B1C6AB5 /* Pods-TimerDemo.release.xcconfig */;
			buildSettings = {
				ASSETCATALOG_COMPILER_APPICON_NAME = AppIcon;
				CODE_SIGN_ENTITLEMENTS = TimerDemo/TimerDemo.entitlements;
				"CODE_SIGN_IDENTITY[sdk=iphoneos*]" = "iPhone Developer";
				CODE_SIGN_STYLE = Automatic;
				DEVELOPMENT_TEAM = TLV25NDMDF;
				INFOPLIST_FILE = TimerDemo/Info.plist;
				IPHONEOS_DEPLOYMENT_TARGET = 10.0;
				LD_RUNPATH_SEARCH_PATHS = "$(inherited) @executable_path/Frameworks";
				PRODUCT_BUNDLE_IDENTIFIER = com.prash.FocusMonk1;
				PRODUCT_NAME = "$(TARGET_NAME)";
				PROVISIONING_PROFILE_SPECIFIER = "";
				SWIFT_SWIFT3_OBJC_INFERENCE = Off;
				SWIFT_VERSION = 3.0;
			};
			name = Release;
		};
		2F9207AF1EE6A96400DB3C35 /* Debug */ = {
			isa = XCBuildConfiguration;
			baseConfigurationReference = F5903EFB310ED357837B08E3 /* Pods-TimerDemoTests.debug.xcconfig */;
			buildSettings = {
				BUNDLE_LOADER = "$(TEST_HOST)";
				DEVELOPMENT_TEAM = TLV25NDMDF;
				INFOPLIST_FILE = TimerDemoTests/Info.plist;
				LD_RUNPATH_SEARCH_PATHS = "$(inherited) @executable_path/Frameworks @loader_path/Frameworks";
				PRODUCT_BUNDLE_IDENTIFIER = com.prash.TimerDemoTests;
				PRODUCT_NAME = "$(TARGET_NAME)";
				SWIFT_SWIFT3_OBJC_INFERENCE = On;
				SWIFT_VERSION = 4.0;
				TEST_HOST = "$(BUILT_PRODUCTS_DIR)/TimerDemo.app/TimerDemo";
			};
			name = Debug;
		};
		2F9207B01EE6A96400DB3C35 /* Release */ = {
			isa = XCBuildConfiguration;
			baseConfigurationReference = 8DB82127F70D5D2218E5D494 /* Pods-TimerDemoTests.release.xcconfig */;
			buildSettings = {
				BUNDLE_LOADER = "$(TEST_HOST)";
				DEVELOPMENT_TEAM = TLV25NDMDF;
				INFOPLIST_FILE = TimerDemoTests/Info.plist;
				LD_RUNPATH_SEARCH_PATHS = "$(inherited) @executable_path/Frameworks @loader_path/Frameworks";
				PRODUCT_BUNDLE_IDENTIFIER = com.prash.TimerDemoTests;
				PRODUCT_NAME = "$(TARGET_NAME)";
				SWIFT_SWIFT3_OBJC_INFERENCE = On;
				SWIFT_VERSION = 4.0;
				TEST_HOST = "$(BUILT_PRODUCTS_DIR)/TimerDemo.app/TimerDemo";
			};
			name = Release;
		};
/* End XCBuildConfiguration section */

/* Begin XCConfigurationList section */
		2F446B511EE28BD7005BB176 /* Build configuration list for PBXProject "TimerDemo" */ = {
			isa = XCConfigurationList;
			buildConfigurations = (
				2F446B661EE28BD7005BB176 /* Debug */,
				2F446B671EE28BD7005BB176 /* Release */,
			);
			defaultConfigurationIsVisible = 0;
			defaultConfigurationName = Release;
		};
		2F446B681EE28BD7005BB176 /* Build configuration list for PBXNativeTarget "TimerDemo" */ = {
			isa = XCConfigurationList;
			buildConfigurations = (
				2F446B691EE28BD7005BB176 /* Debug */,
				2F446B6A1EE28BD7005BB176 /* Release */,
			);
			defaultConfigurationIsVisible = 0;
			defaultConfigurationName = Release;
		};
		2F9207AE1EE6A96400DB3C35 /* Build configuration list for PBXNativeTarget "TimerDemoTests" */ = {
			isa = XCConfigurationList;
			buildConfigurations = (
				2F9207AF1EE6A96400DB3C35 /* Debug */,
				2F9207B01EE6A96400DB3C35 /* Release */,
			);
			defaultConfigurationIsVisible = 0;
			defaultConfigurationName = Release;
		};
/* End XCConfigurationList section */
	};
	rootObject = 2F446B4E1EE28BD7005BB176 /* Project object */;
}
